<?xml version="1.0" encoding="utf-8"?>
<Project ToolsVersion="4.0" xmlns="http://schemas.microsoft.com/developer/msbuild/2003">
  <ItemGroup>
    <Filter Include="Source Files">
      <UniqueIdentifier>{4FC737F1-C7A5-4376-A066-2A32D752A2FF}</UniqueIdentifier>
      <Extensions>cpp;c;cc;cxx;def;odl;idl;hpj;bat;asm;asmx</Extensions>
    </Filter>
    <Filter Include="Header Files">
      <UniqueIdentifier>{93995380-89BD-4b04-88EB-625FBE52EBFB}</UniqueIdentifier>
      <Extensions>h;hh;hpp;hxx;hm;inl;inc;xsd</Extensions>
    </Filter>
    <Filter Include="Resource Files">
      <UniqueIdentifier>{67DA6AB6-F800-4c08-8B7A-83BB121AAD01}</UniqueIdentifier>
      <Extensions>rc;ico;cur;bmp;dlg;rc2;rct;bin;rgs;gif;jpg;jpeg;jpe;resx;tiff;tif;png;wav;mfcribbon-ms</Extensions>
    </Filter>
  </ItemGroup>
  <ItemGroup>
    <ClCompile Include="main.c" />
    <ClCompile Include="iusVectorTests.c" />
    <ClCompile Include="iusMedianFilterTests.c" />
    <ClCompile Include="iusLUTTests.c" />
    <ClCompile Include="unity\unity.c" />
    <ClCompile Include="..\src\iusBasicFunctions.c">
      <Filter>Source Files</Filter>
    </ClCompile>
    <ClCompile Include="..\src\iusDFT.c">
      <Filter>Source Files</Filter>
    </ClCompile>
    <ClCompile Include="..\src\iusFFT.c">
      <Filter>Source Files</Filter>
    </ClCompile>
    <ClCompile Include="..\src\iusFFTC.c">
      <Filter>Source Files</Filter>
    </ClCompile>
    <ClCompile Include="..\src\iusLine2D.c">
      <Filter>Source Files</Filter>
    </ClCompile>
    <ClCompile Include="..\src\iusLUT.c">
      <Filter>Source Files</Filter>
    </ClCompile>
    <ClCompile Include="..\src\iusMatrix.c">
      <Filter>Source Files</Filter>
    </ClCompile>
    <ClCompile Include="..\src\iusMatrixC.c">
      <Filter>Source Files</Filter>
    </ClCompile>
    <ClCompile Include="..\src\iusMatrixUtils.c">
      <Filter>Source Files</Filter>
    </ClCompile>
    <ClCompile Include="..\src\iusScalarC.c">
      <Filter>Source Files</Filter>
    </ClCompile>
    <ClCompile Include="..\src\iusVector.c">
      <Filter>Source Files</Filter>
    </ClCompile>
    <ClCompile Include="..\src\iusVectorC.c">
      <Filter>Source Files</Filter>
    </ClCompile>
    <ClCompile Include="..\src\iusMedianFilter.c">
      <Filter>Source Files</Filter>
    </ClCompile>
    <ClCompile Include="iusInputTests.c" />
    <ClCompile Include="..\src\iusInput.c">
      <Filter>Source Files</Filter>
    </ClCompile>
    <ClCompile Include="..\src\iusInputFile.c">
      <Filter>Source Files</Filter>
    </ClCompile>
    <ClCompile Include="..\src\iusNode.c">
      <Filter>Source Files</Filter>
    </ClCompile>
    <ClCompile Include="..\src\iusHDF5.c">
      <Filter>Source Files</Filter>
    </ClCompile>
    <ClCompile Include="..\src\iusUuid.c">
      <Filter>Source Files</Filter>
    </ClCompile>
  </ItemGroup>
  <ItemGroup>
    <ClInclude Include="iusLUTTests.h" />
    <ClInclude Include="iusVectorTests.h" />
    <ClInclude Include="unity\unity.h" />
    <ClInclude Include="unity\unity_internals.h" />
    <ClInclude Include="iusInputTests.h" />
  </ItemGroup>
</Project>